
Microsoft Visual Studio Solution File, Format Version 12.00
# Visual Studio Version 16
VisualStudioVersion = 16.0.29709.97
MinimumVisualStudioVersion = 10.0.40219.1
Project("{FAE04EC0-301F-11D3-BF4B-00C04F79EFBC}") = "Entities", "Entities\Entities.csproj", "{612C8193-E0BD-4317-B6B3-2CA6D5D9BF5E}"
EndProject
Project("{FAE04EC0-301F-11D3-BF4B-00C04F79EFBC}") = "DataAccess", "DataAccess\DataAccess.csproj", "{12B2DA4F-5D95-40E6-B971-920C0BDB7A47}"
EndProject
Project("{FAE04EC0-301F-11D3-BF4B-00C04F79EFBC}") = "Business", "Business\Business.csproj", "{201EE846-9BEE-4A17-94F0-13451C4B397E}"
EndProject
Project("{FAE04EC0-301F-11D3-BF4B-00C04F79EFBC}") = "Core", "Core\Core.csproj", "{A09CE05C-92DC-4924-9B4A-26BBC70940FD}"
EndProject
Project("{FAE04EC0-301F-11D3-BF4B-00C04F79EFBC}") = "WebAPI", "WebAPI\WebAPI.csproj", "{F4E242D7-FAD6-4520-AB39-440F8AB236FE}"
EndProject
Global
	GlobalSection(SolutionConfigurationPlatforms) = preSolution
		Debug|Any CPU = Debug|Any CPU
		Release|Any CPU = Release|Any CPU
	EndGlobalSection
	GlobalSection(ProjectConfigurationPlatforms) = postSolution
		{612C8193-E0BD-4317-B6B3-2CA6D5D9BF5E}.Debug|Any CPU.ActiveCfg = Debug|Any CPU
		{612C8193-E0BD-4317-B6B3-2CA6D5D9BF5E}.Debug|Any CPU.Build.0 = Debug|Any CPU
		{612C8193-E0BD-4317-B6B3-2CA6D5D9BF5E}.Release|Any CPU.ActiveCfg = Release|Any CPU
		{612C8193-E0BD-4317-B6B3-2CA6D5D9BF5E}.Release|Any CPU.Build.0 = Release|Any CPU
		{12B2DA4F-5D95-40E6-B971-920C0BDB7A47}.Debug|Any CPU.ActiveCfg = Debug|Any CPU
		{12B2DA4F-5D95-40E6-B971-920C0BDB7A47}.Debug|Any CPU.Build.0 = Debug|Any CPU
		{12B2DA4F-5D95-40E6-B971-920C0BDB7A47}.Release|Any CPU.ActiveCfg = Release|Any CPU
		{12B2DA4F-5D95-40E6-B971-920C0BDB7A47}.Release|Any CPU.Build.0 = Release|Any CPU
		{201EE846-9BEE-4A17-94F0-13451C4B397E}.Debug|Any CPU.ActiveCfg = Debug|Any CPU
		{201EE846-9BEE-4A17-94F0-13451C4B397E}.Debug|Any CPU.Build.0 = Debug|Any CPU
		{201EE846-9BEE-4A17-94F0-13451C4B397E}.Release|Any CPU.ActiveCfg = Release|Any CPU
		{201EE846-9BEE-4A17-94F0-13451C4B397E}.Release|Any CPU.Build.0 = Release|Any CPU
		{A09CE05C-92DC-4924-9B4A-26BBC70940FD}.Debug|Any CPU.ActiveCfg = Debug|Any CPU
		{A09CE05C-92DC-4924-9B4A-26BBC70940FD}.Debug|Any CPU.Build.0 = Debug|Any CPU
		{A09CE05C-92DC-4924-9B4A-26BBC70940FD}.Release|Any CPU.ActiveCfg = Release|Any CPU
		{A09CE05C-92DC-4924-9B4A-26BBC70940FD}.Release|Any CPU.Build.0 = Release|Any CPU
		{F4E242D7-FAD6-4520-AB39-440F8AB236FE}.Debug|Any CPU.ActiveCfg = Debug|Any CPU
		{F4E242D7-FAD6-4520-AB39-440F8AB236FE}.Debug|Any CPU.Build.0 = Debug|Any CPU
		{F4E242D7-FAD6-4520-AB39-440F8AB236FE}.Release|Any CPU.ActiveCfg = Release|Any CPU
		{F4E242D7-FAD6-4520-AB39-440F8AB236FE}.Release|Any CPU.Build.0 = Release|Any CPU
	EndGlobalSection
	GlobalSection(SolutionProperties) = preSolution
		HideSolutionNode = FALSE
	EndGlobalSection
	GlobalSection(ExtensibilityGlobals) = postSolution
		SolutionGuid = {B53F7027-A450-444B-9553-1966AB63D964}
	EndGlobalSection
EndGlobal
